
Microsoft Visual Studio Solution File, Format Version 12.00
# Visual Studio Version 17
VisualStudioVersion = 17.6.33815.320
MinimumVisualStudioVersion = 10.0.40219.1
Project("{FAE04EC0-301F-11D3-BF4B-00C04F79EFBC}") = "WPF-intro", "WPF-intro.csproj", "{2981DF5E-4D9A-476F-87C0-C28983BBFD53}"
EndProject
Project("{2150E333-8FDC-42A3-9474-1A3956D46DE8}") = "Solution Items", "Solution Items", "{7AA3FB63-5DAC-425B-81D4-AA94F03E9CE9}"
	ProjectSection(SolutionItems) = preProject
		Task.cs = Task.cs
	EndProjectSection
EndProject
Global
	GlobalSection(SolutionConfigurationPlatforms) = preSolution
		Debug|Any CPU = Debug|Any CPU
		Release|Any CPU = Release|Any CPU
	EndGlobalSection
	GlobalSection(ProjectConfigurationPlatforms) = postSolution
		{2981DF5E-4D9A-476F-87C0-C28983BBFD53}.Debug|Any CPU.ActiveCfg = Debug|Any CPU
		{2981DF5E-4D9A-476F-87C0-C28983BBFD53}.Debug|Any CPU.Build.0 = Debug|Any CPU
		{2981DF5E-4D9A-476F-87C0-C28983BBFD53}.Release|Any CPU.ActiveCfg = Release|Any CPU
		{2981DF5E-4D9A-476F-87C0-C28983BBFD53}.Release|Any CPU.Build.0 = Release|Any CPU
	EndGlobalSection
	GlobalSection(SolutionProperties) = preSolution
		HideSolutionNode = FALSE
	EndGlobalSection
	GlobalSection(ExtensibilityGlobals) = postSolution
		SolutionGuid = {94D8D513-331B-4EB4-BAA2-AD781ED60781}
	EndGlobalSection
EndGlobal
